
Microsoft Visual Studio Solution File, Format Version 12.00
# Visual Studio Version 16
VisualStudioVersion = 16.0.31321.278
MinimumVisualStudioVersion = 10.0.40219.1
Project("{9A19103F-16F7-4668-BE54-9A1E7A4F7556}") = "BoaSaudeApp", "BoaSaudeApp\BoaSaudeApp.csproj", "{DAB04D56-C885-4FCB-868C-573EE8960F76}"
EndProject
Project("{9A19103F-16F7-4668-BE54-9A1E7A4F7556}") = "Dominio", "Dominio\Dominio.csproj", "{97355332-1DEC-49BE-8793-2CBD8FE76856}"
EndProject
Project("{9A19103F-16F7-4668-BE54-9A1E7A4F7556}") = "Repositorio", "Repositorio\Repositorio.csproj", "{A2713C96-9D1D-403A-B75B-F38898C54F4B}"
EndProject
Global
	GlobalSection(SolutionConfigurationPlatforms) = preSolution
		Debug|Any CPU = Debug|Any CPU
		Release|Any CPU = Release|Any CPU
	EndGlobalSection
	GlobalSection(ProjectConfigurationPlatforms) = postSolution
		{DAB04D56-C885-4FCB-868C-573EE8960F76}.Debug|Any CPU.ActiveCfg = Debug|Any CPU
		{DAB04D56-C885-4FCB-868C-573EE8960F76}.Debug|Any CPU.Build.0 = Debug|Any CPU
		{DAB04D56-C885-4FCB-868C-573EE8960F76}.Release|Any CPU.ActiveCfg = Release|Any CPU
		{DAB04D56-C885-4FCB-868C-573EE8960F76}.Release|Any CPU.Build.0 = Release|Any CPU
		{97355332-1DEC-49BE-8793-2CBD8FE76856}.Debug|Any CPU.ActiveCfg = Debug|Any CPU
		{97355332-1DEC-49BE-8793-2CBD8FE76856}.Debug|Any CPU.Build.0 = Debug|Any CPU
		{97355332-1DEC-49BE-8793-2CBD8FE76856}.Release|Any CPU.ActiveCfg = Release|Any CPU
		{97355332-1DEC-49BE-8793-2CBD8FE76856}.Release|Any CPU.Build.0 = Release|Any CPU
		{A2713C96-9D1D-403A-B75B-F38898C54F4B}.Debug|Any CPU.ActiveCfg = Debug|Any CPU
		{A2713C96-9D1D-403A-B75B-F38898C54F4B}.Debug|Any CPU.Build.0 = Debug|Any CPU
		{A2713C96-9D1D-403A-B75B-F38898C54F4B}.Release|Any CPU.ActiveCfg = Release|Any CPU
		{A2713C96-9D1D-403A-B75B-F38898C54F4B}.Release|Any CPU.Build.0 = Release|Any CPU
	EndGlobalSection
	GlobalSection(SolutionProperties) = preSolution
		HideSolutionNode = FALSE
	EndGlobalSection
	GlobalSection(ExtensibilityGlobals) = postSolution
		SolutionGuid = {1B42F821-D2CF-480E-A4E7-9425C509D95C}
	EndGlobalSection
EndGlobal
